
Microsoft Visual Studio Solution File, Format Version 12.00
# Visual Studio Version 17
VisualStudioVersion = 17.2.32616.157
MinimumVisualStudioVersion = 10.0.40219.1
Project("{FAE04EC0-301F-11D3-BF4B-00C04F79EFBC}") = "Project Conscole App Directum", "Project Conscole App Directum.csproj", "{0EBF6ECF-C335-4F7A-8AD4-68545728AD33}"
EndProject
Global
	GlobalSection(SolutionConfigurationPlatforms) = preSolution
		Debug|Any CPU = Debug|Any CPU
		Release|Any CPU = Release|Any CPU
	EndGlobalSection
	GlobalSection(ProjectConfigurationPlatforms) = postSolution
		{0EBF6ECF-C335-4F7A-8AD4-68545728AD33}.Debug|Any CPU.ActiveCfg = Debug|Any CPU
		{0EBF6ECF-C335-4F7A-8AD4-68545728AD33}.Debug|Any CPU.Build.0 = Debug|Any CPU
		{0EBF6ECF-C335-4F7A-8AD4-68545728AD33}.Release|Any CPU.ActiveCfg = Release|Any CPU
		{0EBF6ECF-C335-4F7A-8AD4-68545728AD33}.Release|Any CPU.Build.0 = Release|Any CPU
	EndGlobalSection
	GlobalSection(SolutionProperties) = preSolution
		HideSolutionNode = FALSE
	EndGlobalSection
	GlobalSection(ExtensibilityGlobals) = postSolution
		SolutionGuid = {B627D69B-36D1-4B24-8FEF-E4EEEF4125E6}
	EndGlobalSection
EndGlobal
